<?xml version="1.0" encoding="UTF-8"?>
<!DOCTYPE plist PUBLIC "-//Apple//DTD PLIST 1.0//EN" "http://www.apple.com/DTDs/PropertyList-1.0.dtd">
<plist version="1.0">
<dict>
	<key>archiveVersion</key>
	<string>1</string>
	<key>classes</key>
	<dict/>
	<key>objectVersion</key>
	<string>46</string>
	<key>objects</key>
	<dict>
		<key>89646B1AB36447349DAA30F4</key>
		<dict>
			<key>explicitFileType</key>
			<string>archive.ar</string>
			<key>includeInIndex</key>
			<string>0</string>
			<key>isa</key>
			<string>PBXFileReference</string>
			<key>path</key>
			<string>libPods.a</string>
			<key>sourceTree</key>
			<string>BUILT_PRODUCTS_DIR</string>
		</dict>
		<key>8B92DE6B03CE4DE190A79B11</key>
		<dict>
			<key>buildActionMask</key>
			<string>2147483647</string>
			<key>files</key>
			<array/>
			<key>inputPaths</key>
			<array/>
			<key>isa</key>
			<string>PBXShellScriptBuildPhase</string>
			<key>name</key>
			<string>Copy Pods Resources</string>
			<key>outputPaths</key>
			<array/>
			<key>runOnlyForDeploymentPostprocessing</key>
			<string>0</string>
			<key>shellPath</key>
			<string>/bin/sh</string>
			<key>shellScript</key>
			<string>"${SRCROOT}/Pods/Pods-resources.sh"
</string>
			<key>showEnvVarsInLog</key>
			<string>0</string>
		</dict>
		<key>A147203595F848349298D5C0</key>
		<dict>
			<key>includeInIndex</key>
			<string>1</string>
			<key>isa</key>
			<string>PBXFileReference</string>
			<key>lastKnownFileType</key>
			<string>text.xcconfig</string>
			<key>name</key>
			<string>Pods.xcconfig</string>
			<key>path</key>
			<string>Pods/Pods.xcconfig</string>
			<key>sourceTree</key>
			<string>&lt;group&gt;</string>
		</dict>
		<key>B027713E1905DC3E0046D6E1</key>
		<dict>
			<key>children</key>
			<array>
				<string>B027713F1905DC3E0046D6E1</string>
			</array>
			<key>currentVersion</key>
			<string>B027713F1905DC3E0046D6E1</string>
			<key>isa</key>
			<string>XCVersionGroup</string>
			<key>path</key>
			<string>Blood Pressure.xcdatamodeld</string>
			<key>sourceTree</key>
			<string>&lt;group&gt;</string>
			<key>versionGroupType</key>
			<string>wrapper.xcdatamodel</string>
		</dict>
		<key>B027713F1905DC3E0046D6E1</key>
		<dict>
			<key>isa</key>
			<string>PBXFileReference</string>
			<key>lastKnownFileType</key>
			<string>wrapper.xcdatamodel</string>
			<key>path</key>
			<string>Blood Pressure.xcdatamodel</string>
			<key>sourceTree</key>
			<string>&lt;group&gt;</string>
		</dict>
		<key>B02771401905DC3E0046D6E1</key>
		<dict>
			<key>fileRef</key>
			<string>B027713E1905DC3E0046D6E1</string>
			<key>isa</key>
			<string>PBXBuildFile</string>
		</dict>
		<key>B02771411905DC730046D6E1</key>
		<dict>
			<key>children</key>
			<array>
				<string>B027713E1905DC3E0046D6E1</string>
				<string>B02771491905DDDF0046D6E1</string>
				<string>B02771451905DD870046D6E1</string>
			</array>
			<key>isa</key>
			<string>PBXGroup</string>
			<key>name</key>
			<string>Data Stuff</string>
			<key>sourceTree</key>
			<string>&lt;group&gt;</string>
		</dict>
		<key>B02771451905DD870046D6E1</key>
		<dict>
			<key>children</key>
			<array>
				<string>B027714A1905E2E50046D6E1</string>
				<string>B027714B1905E2E50046D6E1</string>
			</array>
			<key>isa</key>
			<string>PBXGroup</string>
			<key>name</key>
			<string>AutoGenerated</string>
			<key>sourceTree</key>
			<string>&lt;group&gt;</string>
		</dict>
		<key>B02771461905DDCE0046D6E1</key>
		<dict>
			<key>fileEncoding</key>
			<string>4</string>
			<key>isa</key>
			<string>PBXFileReference</string>
			<key>lastKnownFileType</key>
			<string>sourcecode.c.h</string>
			<key>name</key>
			<string>BloodSugar+Create.h</string>
			<key>path</key>
			<string>../BloodSugar+Create.h</string>
			<key>sourceTree</key>
			<string>&lt;group&gt;</string>
		</dict>
		<key>B02771471905DDCE0046D6E1</key>
		<dict>
			<key>fileEncoding</key>
			<string>4</string>
			<key>isa</key>
			<string>PBXFileReference</string>
			<key>lastKnownFileType</key>
			<string>sourcecode.c.objc</string>
			<key>name</key>
			<string>BloodSugar+Create.m</string>
			<key>path</key>
			<string>../BloodSugar+Create.m</string>
			<key>sourceTree</key>
			<string>&lt;group&gt;</string>
		</dict>
		<key>B02771481905DDCE0046D6E1</key>
		<dict>
			<key>fileRef</key>
			<string>B02771471905DDCE0046D6E1</string>
			<key>isa</key>
			<string>PBXBuildFile</string>
		</dict>
		<key>B02771491905DDDF0046D6E1</key>
		<dict>
			<key>children</key>
			<array>
				<string>B02771461905DDCE0046D6E1</string>
				<string>B02771471905DDCE0046D6E1</string>
			</array>
			<key>isa</key>
			<string>PBXGroup</string>
			<key>name</key>
			<string>Customized</string>
			<key>sourceTree</key>
			<string>&lt;group&gt;</string>
		</dict>
		<key>B027714A1905E2E50046D6E1</key>
		<dict>
			<key>fileEncoding</key>
			<string>4</string>
			<key>isa</key>
			<string>PBXFileReference</string>
			<key>lastKnownFileType</key>
			<string>sourcecode.c.h</string>
			<key>path</key>
			<string>BloodSugar.h</string>
			<key>sourceTree</key>
			<string>&lt;group&gt;</string>
		</dict>
		<key>B027714B1905E2E50046D6E1</key>
		<dict>
			<key>fileEncoding</key>
			<string>4</string>
			<key>isa</key>
			<string>PBXFileReference</string>
			<key>lastKnownFileType</key>
			<string>sourcecode.c.objc</string>
			<key>path</key>
			<string>BloodSugar.m</string>
			<key>sourceTree</key>
			<string>&lt;group&gt;</string>
		</dict>
		<key>B027714C1905E2E50046D6E1</key>
		<dict>
			<key>fileRef</key>
			<string>B027714B1905E2E50046D6E1</string>
			<key>isa</key>
			<string>PBXBuildFile</string>
		</dict>
		<key>B027714D1905E6DE0046D6E1</key>
		<dict>
			<key>fileEncoding</key>
			<string>4</string>
			<key>isa</key>
			<string>PBXFileReference</string>
			<key>lastKnownFileType</key>
			<string>sourcecode.c.h</string>
			<key>path</key>
			<string>AADataEntryVC.h</string>
			<key>sourceTree</key>
			<string>&lt;group&gt;</string>
		</dict>
		<key>B027714E1905E6DE0046D6E1</key>
		<dict>
			<key>fileEncoding</key>
			<string>4</string>
			<key>isa</key>
			<string>PBXFileReference</string>
			<key>lastKnownFileType</key>
			<string>sourcecode.c.objc</string>
			<key>path</key>
			<string>AADataEntryVC.m</string>
			<key>sourceTree</key>
			<string>&lt;group&gt;</string>
		</dict>
		<key>B027714F1905E6DE0046D6E1</key>
		<dict>
			<key>fileRef</key>
			<string>B027714E1905E6DE0046D6E1</string>
			<key>isa</key>
			<string>PBXBuildFile</string>
		</dict>
		<key>B053BC0E190AED1A001BD50A</key>
		<dict>
			<key>isa</key>
			<string>PBXFileReference</string>
			<key>lastKnownFileType</key>
			<string>image.png</string>
			<key>path</key>
			<string>Button.png</string>
			<key>sourceTree</key>
			<string>&lt;group&gt;</string>
		</dict>
		<key>B053BC0F190AED1A001BD50A</key>
		<dict>
			<key>fileRef</key>
			<string>B053BC0E190AED1A001BD50A</string>
			<key>isa</key>
			<string>PBXBuildFile</string>
		</dict>
		<key>B053BC10190AED59001BD50A</key>
		<dict>
			<key>children</key>
			<array>
				<string>B0DA339F190AFB15007679B2</string>
				<string>B053BC13190AEFE4001BD50A</string>
				<string>B053BC11190AEDBB001BD50A</string>
				<string>B053BC0E190AED1A001BD50A</string>
			</array>
			<key>isa</key>
			<string>PBXGroup</string>
			<key>name</key>
			<string>Button Images</string>
			<key>sourceTree</key>
			<string>&lt;group&gt;</string>
		</dict>
		<key>B053BC11190AEDBB001BD50A</key>
		<dict>
			<key>isa</key>
			<string>PBXFileReference</string>
			<key>lastKnownFileType</key>
			<string>image.png</string>
			<key>path</key>
			<string>Button2.png</string>
			<key>sourceTree</key>
			<string>&lt;group&gt;</string>
		</dict>
		<key>B053BC12190AEDBB001BD50A</key>
		<dict>
			<key>fileRef</key>
			<string>B053BC11190AEDBB001BD50A</string>
			<key>isa</key>
			<string>PBXBuildFile</string>
		</dict>
		<key>B053BC13190AEFE4001BD50A</key>
		<dict>
			<key>isa</key>
			<string>PBXFileReference</string>
			<key>lastKnownFileType</key>
			<string>image.png</string>
			<key>path</key>
			<string>AddMeasurmentButton.png</string>
			<key>sourceTree</key>
			<string>&lt;group&gt;</string>
		</dict>
		<key>B053BC14190AEFE4001BD50A</key>
		<dict>
			<key>fileRef</key>
			<string>B053BC13190AEFE4001BD50A</string>
			<key>isa</key>
			<string>PBXBuildFile</string>
		</dict>
		<key>B0DA339F190AFB15007679B2</key>
		<dict>
			<key>isa</key>
			<string>PBXFileReference</string>
			<key>lastKnownFileType</key>
			<string>image.png</string>
			<key>path</key>
			<string>BloodDrop.png</string>
			<key>sourceTree</key>
			<string>&lt;group&gt;</string>
		</dict>
		<key>B0DA33A0190AFB15007679B2</key>
		<dict>
			<key>fileRef</key>
			<string>B0DA339F190AFB15007679B2</string>
			<key>isa</key>
			<string>PBXBuildFile</string>
		</dict>
		<key>B0EDB4F618EE1F5200A4E438</key>
		<dict>
			<key>children</key>
			<array>
				<string>B0EDB50818EE1F5200A4E438</string>
				<string>B0EDB52718EE1F5200A4E438</string>
				<string>B0EDB50118EE1F5200A4E438</string>
				<string>B0EDB50018EE1F5200A4E438</string>
				<string>A147203595F848349298D5C0</string>
			</array>
			<key>isa</key>
			<string>PBXGroup</string>
			<key>sourceTree</key>
			<string>&lt;group&gt;</string>
		</dict>
		<key>B0EDB4F718EE1F5200A4E438</key>
		<dict>
			<key>attributes</key>
			<dict>
				<key>CLASSPREFIX</key>
				<string>AA</string>
				<key>LastUpgradeCheck</key>
				<string>0500</string>
				<key>ORGANIZATIONNAME</key>
				<string>Agency Agency</string>
				<key>TargetAttributes</key>
				<dict>
					<key>B0EDB51F18EE1F5200A4E438</key>
					<dict>
						<key>TestTargetID</key>
						<string>B0EDB4FE18EE1F5200A4E438</string>
					</dict>
				</dict>
			</dict>
			<key>buildConfigurationList</key>
			<string>B0EDB4FA18EE1F5200A4E438</string>
			<key>compatibilityVersion</key>
			<string>Xcode 3.2</string>
			<key>developmentRegion</key>
			<string>English</string>
			<key>hasScannedForEncodings</key>
			<string>0</string>
			<key>isa</key>
			<string>PBXProject</string>
			<key>knownRegions</key>
			<array>
				<string>en</string>
				<string>Base</string>
			</array>
			<key>mainGroup</key>
			<string>B0EDB4F618EE1F5200A4E438</string>
			<key>productRefGroup</key>
			<string>B0EDB50018EE1F5200A4E438</string>
			<key>projectDirPath</key>
			<string></string>
			<key>projectReferences</key>
			<array/>
			<key>projectRoot</key>
			<string></string>
			<key>targets</key>
			<array>
				<string>B0EDB4FE18EE1F5200A4E438</string>
				<string>B0EDB51F18EE1F5200A4E438</string>
			</array>
		</dict>
		<key>B0EDB4FA18EE1F5200A4E438</key>
		<dict>
			<key>buildConfigurations</key>
			<array>
				<string>B0EDB52F18EE1F5200A4E438</string>
				<string>B0EDB53018EE1F5200A4E438</string>
			</array>
			<key>defaultConfigurationIsVisible</key>
			<string>0</string>
			<key>defaultConfigurationName</key>
			<string>Release</string>
			<key>isa</key>
			<string>XCConfigurationList</string>
		</dict>
		<key>B0EDB4FB18EE1F5200A4E438</key>
		<dict>
			<key>buildActionMask</key>
			<string>2147483647</string>
			<key>files</key>
			<array>
				<string>B02771401905DC3E0046D6E1</string>
				<string>B02771481905DDCE0046D6E1</string>
				<string>B0EDB51318EE1F5200A4E438</string>
				<string>B0EDB51918EE1F5200A4E438</string>
				<string>B0EDB50F18EE1F5200A4E438</string>
				<string>B027714C1905E2E50046D6E1</string>
				<string>B027714F1905E6DE0046D6E1</string>
			</array>
			<key>isa</key>
			<string>PBXSourcesBuildPhase</string>
			<key>runOnlyForDeploymentPostprocessing</key>
			<string>0</string>
		</dict>
		<key>B0EDB4FC18EE1F5200A4E438</key>
		<dict>
			<key>buildActionMask</key>
			<string>2147483647</string>
			<key>files</key>
			<array>
				<string>B0EDB50518EE1F5200A4E438</string>
				<string>B0EDB50718EE1F5200A4E438</string>
				<string>B0EDB50318EE1F5200A4E438</string>
				<string>FFA07F670DEB459F8787A627</string>
			</array>
			<key>isa</key>
			<string>PBXFrameworksBuildPhase</string>
			<key>runOnlyForDeploymentPostprocessing</key>
			<string>0</string>
		</dict>
		<key>B0EDB4FD18EE1F5200A4E438</key>
		<dict>
			<key>buildActionMask</key>
			<string>2147483647</string>
			<key>files</key>
			<array>
				<string>B0EDB51B18EE1F5200A4E438</string>
				<string>B053BC0F190AED1A001BD50A</string>
				<string>B053BC12190AEDBB001BD50A</string>
				<string>B0EDB50D18EE1F5200A4E438</string>
				<string>B0DA33A0190AFB15007679B2</string>
				<string>B053BC14190AEFE4001BD50A</string>
				<string>B0EDB51618EE1F5200A4E438</string>
			</array>
			<key>isa</key>
			<string>PBXResourcesBuildPhase</string>
			<key>runOnlyForDeploymentPostprocessing</key>
			<string>0</string>
		</dict>
		<key>B0EDB4FE18EE1F5200A4E438</key>
		<dict>
			<key>buildConfigurationList</key>
			<string>B0EDB53118EE1F5200A4E438</string>
			<key>buildPhases</key>
			<array>
				<string>E5D61BB5FE994A2D8C0E1AD6</string>
				<string>B0EDB4FB18EE1F5200A4E438</string>
				<string>B0EDB4FC18EE1F5200A4E438</string>
				<string>B0EDB4FD18EE1F5200A4E438</string>
				<string>8B92DE6B03CE4DE190A79B11</string>
			</array>
			<key>buildRules</key>
			<array/>
			<key>dependencies</key>
			<array/>
			<key>isa</key>
			<string>PBXNativeTarget</string>
			<key>name</key>
			<string>HBP Monitor</string>
			<key>productName</key>
			<string>HBP Monitor</string>
			<key>productReference</key>
			<string>B0EDB4FF18EE1F5200A4E438</string>
			<key>productType</key>
			<string>com.apple.product-type.application</string>
		</dict>
		<key>B0EDB4FF18EE1F5200A4E438</key>
		<dict>
			<key>explicitFileType</key>
			<string>wrapper.application</string>
			<key>includeInIndex</key>
			<string>0</string>
			<key>isa</key>
			<string>PBXFileReference</string>
			<key>path</key>
			<string>HBP Monitor.app</string>
			<key>sourceTree</key>
			<string>BUILT_PRODUCTS_DIR</string>
		</dict>
		<key>B0EDB50018EE1F5200A4E438</key>
		<dict>
			<key>children</key>
			<array>
				<string>B0EDB4FF18EE1F5200A4E438</string>
				<string>B0EDB52018EE1F5200A4E438</string>
			</array>
			<key>isa</key>
			<string>PBXGroup</string>
			<key>name</key>
			<string>Products</string>
			<key>sourceTree</key>
			<string>&lt;group&gt;</string>
		</dict>
		<key>B0EDB50118EE1F5200A4E438</key>
		<dict>
			<key>children</key>
			<array>
				<string>B0EDB50218EE1F5200A4E438</string>
				<string>B0EDB50418EE1F5200A4E438</string>
				<string>B0EDB50618EE1F5200A4E438</string>
				<string>B0EDB52118EE1F5200A4E438</string>
				<string>89646B1AB36447349DAA30F4</string>
			</array>
			<key>isa</key>
			<string>PBXGroup</string>
			<key>name</key>
			<string>Frameworks</string>
			<key>sourceTree</key>
			<string>&lt;group&gt;</string>
		</dict>
		<key>B0EDB50218EE1F5200A4E438</key>
		<dict>
			<key>isa</key>
			<string>PBXFileReference</string>
			<key>lastKnownFileType</key>
			<string>wrapper.framework</string>
			<key>name</key>
			<string>Foundation.framework</string>
			<key>path</key>
			<string>System/Library/Frameworks/Foundation.framework</string>
			<key>sourceTree</key>
			<string>SDKROOT</string>
		</dict>
		<key>B0EDB50318EE1F5200A4E438</key>
		<dict>
			<key>fileRef</key>
			<string>B0EDB50218EE1F5200A4E438</string>
			<key>isa</key>
			<string>PBXBuildFile</string>
		</dict>
		<key>B0EDB50418EE1F5200A4E438</key>
		<dict>
			<key>isa</key>
			<string>PBXFileReference</string>
			<key>lastKnownFileType</key>
			<string>wrapper.framework</string>
			<key>name</key>
			<string>CoreGraphics.framework</string>
			<key>path</key>
			<string>System/Library/Frameworks/CoreGraphics.framework</string>
			<key>sourceTree</key>
			<string>SDKROOT</string>
		</dict>
		<key>B0EDB50518EE1F5200A4E438</key>
		<dict>
			<key>fileRef</key>
			<string>B0EDB50418EE1F5200A4E438</string>
			<key>isa</key>
			<string>PBXBuildFile</string>
		</dict>
		<key>B0EDB50618EE1F5200A4E438</key>
		<dict>
			<key>isa</key>
			<string>PBXFileReference</string>
			<key>lastKnownFileType</key>
			<string>wrapper.framework</string>
			<key>name</key>
			<string>UIKit.framework</string>
			<key>path</key>
			<string>System/Library/Frameworks/UIKit.framework</string>
			<key>sourceTree</key>
			<string>SDKROOT</string>
		</dict>
		<key>B0EDB50718EE1F5200A4E438</key>
		<dict>
			<key>fileRef</key>
			<string>B0EDB50618EE1F5200A4E438</string>
			<key>isa</key>
			<string>PBXBuildFile</string>
		</dict>
		<key>B0EDB50818EE1F5200A4E438</key>
		<dict>
			<key>children</key>
			<array>
				<string>B02771411905DC730046D6E1</string>
				<string>B0EDB51118EE1F5200A4E438</string>
				<string>B0EDB51218EE1F5200A4E438</string>
				<string>B0EDB51418EE1F5200A4E438</string>
				<string>B027714D1905E6DE0046D6E1</string>
				<string>B027714E1905E6DE0046D6E1</string>
				<string>B0EDB51718EE1F5200A4E438</string>
				<string>B0EDB51818EE1F5200A4E438</string>
				<string>B0EDB51A18EE1F5200A4E438</string>
				<string>B0EDB50918EE1F5200A4E438</string>
			</array>
			<key>isa</key>
			<string>PBXGroup</string>
			<key>path</key>
			<string>HBP Monitor</string>
			<key>sourceTree</key>
			<string>&lt;group&gt;</string>
		</dict>
		<key>B0EDB50918EE1F5200A4E438</key>
		<dict>
			<key>children</key>
			<array>
				<string>B053BC10190AED59001BD50A</string>
				<string>B0EDB50A18EE1F5200A4E438</string>
				<string>B0EDB50B18EE1F5200A4E438</string>
				<string>B0EDB50E18EE1F5200A4E438</string>
				<string>B0EDB51018EE1F5200A4E438</string>
			</array>
			<key>isa</key>
			<string>PBXGroup</string>
			<key>name</key>
			<string>Supporting Files</string>
			<key>sourceTree</key>
			<string>&lt;group&gt;</string>
		</dict>
		<key>B0EDB50A18EE1F5200A4E438</key>
		<dict>
			<key>isa</key>
			<string>PBXFileReference</string>
			<key>lastKnownFileType</key>
			<string>text.plist.xml</string>
			<key>path</key>
			<string>HBP Monitor-Info.plist</string>
			<key>sourceTree</key>
			<string>&lt;group&gt;</string>
		</dict>
		<key>B0EDB50B18EE1F5200A4E438</key>
		<dict>
			<key>children</key>
			<array>
				<string>B0EDB50C18EE1F5200A4E438</string>
			</array>
			<key>isa</key>
			<string>PBXVariantGroup</string>
			<key>name</key>
			<string>InfoPlist.strings</string>
			<key>sourceTree</key>
			<string>&lt;group&gt;</string>
		</dict>
		<key>B0EDB50C18EE1F5200A4E438</key>
		<dict>
			<key>isa</key>
			<string>PBXFileReference</string>
			<key>lastKnownFileType</key>
			<string>text.plist.strings</string>
			<key>name</key>
			<string>en</string>
			<key>path</key>
			<string>en.lproj/InfoPlist.strings</string>
			<key>sourceTree</key>
			<string>&lt;group&gt;</string>
		</dict>
		<key>B0EDB50D18EE1F5200A4E438</key>
		<dict>
			<key>fileRef</key>
			<string>B0EDB50B18EE1F5200A4E438</string>
			<key>isa</key>
			<string>PBXBuildFile</string>
		</dict>
		<key>B0EDB50E18EE1F5200A4E438</key>
		<dict>
			<key>isa</key>
			<string>PBXFileReference</string>
			<key>lastKnownFileType</key>
			<string>sourcecode.c.objc</string>
			<key>path</key>
			<string>main.m</string>
			<key>sourceTree</key>
			<string>&lt;group&gt;</string>
		</dict>
		<key>B0EDB50F18EE1F5200A4E438</key>
		<dict>
			<key>fileRef</key>
			<string>B0EDB50E18EE1F5200A4E438</string>
			<key>isa</key>
			<string>PBXBuildFile</string>
		</dict>
		<key>B0EDB51018EE1F5200A4E438</key>
		<dict>
			<key>isa</key>
			<string>PBXFileReference</string>
			<key>lastKnownFileType</key>
			<string>sourcecode.c.h</string>
			<key>path</key>
			<string>HBP Monitor-Prefix.pch</string>
			<key>sourceTree</key>
			<string>&lt;group&gt;</string>
		</dict>
		<key>B0EDB51118EE1F5200A4E438</key>
		<dict>
			<key>isa</key>
			<string>PBXFileReference</string>
			<key>lastKnownFileType</key>
			<string>sourcecode.c.h</string>
			<key>path</key>
			<string>AAAppDelegate.h</string>
			<key>sourceTree</key>
			<string>&lt;group&gt;</string>
		</dict>
		<key>B0EDB51218EE1F5200A4E438</key>
		<dict>
			<key>isa</key>
			<string>PBXFileReference</string>
			<key>lastKnownFileType</key>
			<string>sourcecode.c.objc</string>
			<key>path</key>
			<string>AAAppDelegate.m</string>
			<key>sourceTree</key>
			<string>&lt;group&gt;</string>
		</dict>
		<key>B0EDB51318EE1F5200A4E438</key>
		<dict>
			<key>fileRef</key>
			<string>B0EDB51218EE1F5200A4E438</string>
			<key>isa</key>
			<string>PBXBuildFile</string>
		</dict>
		<key>B0EDB51418EE1F5200A4E438</key>
		<dict>
			<key>children</key>
			<array>
				<string>B0EDB51518EE1F5200A4E438</string>
			</array>
			<key>isa</key>
			<string>PBXVariantGroup</string>
			<key>name</key>
			<string>Main.storyboard</string>
			<key>sourceTree</key>
			<string>&lt;group&gt;</string>
		</dict>
		<key>B0EDB51518EE1F5200A4E438</key>
		<dict>
			<key>isa</key>
			<string>PBXFileReference</string>
			<key>lastKnownFileType</key>
			<string>file.storyboard</string>
			<key>name</key>
			<string>Base</string>
			<key>path</key>
			<string>Base.lproj/Main.storyboard</string>
			<key>sourceTree</key>
			<string>&lt;group&gt;</string>
		</dict>
		<key>B0EDB51618EE1F5200A4E438</key>
		<dict>
			<key>fileRef</key>
			<string>B0EDB51418EE1F5200A4E438</string>
			<key>isa</key>
			<string>PBXBuildFile</string>
		</dict>
		<key>B0EDB51718EE1F5200A4E438</key>
		<dict>
			<key>isa</key>
			<string>PBXFileReference</string>
			<key>lastKnownFileType</key>
			<string>sourcecode.c.h</string>
			<key>path</key>
			<string>AAViewController.h</string>
			<key>sourceTree</key>
			<string>&lt;group&gt;</string>
		</dict>
		<key>B0EDB51818EE1F5200A4E438</key>
		<dict>
			<key>isa</key>
			<string>PBXFileReference</string>
			<key>lastKnownFileType</key>
			<string>sourcecode.c.objc</string>
			<key>path</key>
			<string>AAViewController.m</string>
			<key>sourceTree</key>
			<string>&lt;group&gt;</string>
		</dict>
		<key>B0EDB51918EE1F5200A4E438</key>
		<dict>
			<key>fileRef</key>
			<string>B0EDB51818EE1F5200A4E438</string>
			<key>isa</key>
			<string>PBXBuildFile</string>
		</dict>
		<key>B0EDB51A18EE1F5200A4E438</key>
		<dict>
			<key>isa</key>
			<string>PBXFileReference</string>
			<key>lastKnownFileType</key>
			<string>folder.assetcatalog</string>
			<key>path</key>
			<string>Images.xcassets</string>
			<key>sourceTree</key>
			<string>&lt;group&gt;</string>
		</dict>
		<key>B0EDB51B18EE1F5200A4E438</key>
		<dict>
			<key>fileRef</key>
			<string>B0EDB51A18EE1F5200A4E438</string>
			<key>isa</key>
			<string>PBXBuildFile</string>
		</dict>
		<key>B0EDB51C18EE1F5200A4E438</key>
		<dict>
			<key>buildActionMask</key>
			<string>2147483647</string>
			<key>files</key>
			<array>
				<string>B0EDB52E18EE1F5200A4E438</string>
			</array>
			<key>isa</key>
			<string>PBXSourcesBuildPhase</string>
			<key>runOnlyForDeploymentPostprocessing</key>
			<string>0</string>
		</dict>
		<key>B0EDB51D18EE1F5200A4E438</key>
		<dict>
			<key>buildActionMask</key>
			<string>2147483647</string>
			<key>files</key>
			<array>
				<string>B0EDB52218EE1F5200A4E438</string>
				<string>B0EDB52418EE1F5200A4E438</string>
				<string>B0EDB52318EE1F5200A4E438</string>
			</array>
			<key>isa</key>
			<string>PBXFrameworksBuildPhase</string>
			<key>runOnlyForDeploymentPostprocessing</key>
			<string>0</string>
		</dict>
		<key>B0EDB51E18EE1F5200A4E438</key>
		<dict>
			<key>buildActionMask</key>
			<string>2147483647</string>
			<key>files</key>
			<array>
				<string>B0EDB52C18EE1F5200A4E438</string>
			</array>
			<key>isa</key>
			<string>PBXResourcesBuildPhase</string>
			<key>runOnlyForDeploymentPostprocessing</key>
			<string>0</string>
		</dict>
		<key>B0EDB51F18EE1F5200A4E438</key>
		<dict>
			<key>buildConfigurationList</key>
			<string>B0EDB53418EE1F5200A4E438</string>
			<key>buildPhases</key>
			<array>
				<string>B0EDB51C18EE1F5200A4E438</string>
				<string>B0EDB51D18EE1F5200A4E438</string>
				<string>B0EDB51E18EE1F5200A4E438</string>
			</array>
			<key>buildRules</key>
			<array/>
			<key>dependencies</key>
			<array>
				<string>B0EDB52618EE1F5200A4E438</string>
			</array>
			<key>isa</key>
			<string>PBXNativeTarget</string>
			<key>name</key>
			<string>HBP MonitorTests</string>
			<key>productName</key>
			<string>HBP MonitorTests</string>
			<key>productReference</key>
			<string>B0EDB52018EE1F5200A4E438</string>
			<key>productType</key>
			<string>com.apple.product-type.bundle.unit-test</string>
		</dict>
		<key>B0EDB52018EE1F5200A4E438</key>
		<dict>
			<key>explicitFileType</key>
			<string>wrapper.cfbundle</string>
			<key>includeInIndex</key>
			<string>0</string>
			<key>isa</key>
			<string>PBXFileReference</string>
			<key>path</key>
			<string>HBP MonitorTests.xctest</string>
			<key>sourceTree</key>
			<string>BUILT_PRODUCTS_DIR</string>
		</dict>
		<key>B0EDB52118EE1F5200A4E438</key>
		<dict>
			<key>isa</key>
			<string>PBXFileReference</string>
			<key>lastKnownFileType</key>
			<string>wrapper.framework</string>
			<key>name</key>
			<string>XCTest.framework</string>
			<key>path</key>
			<string>Library/Frameworks/XCTest.framework</string>
			<key>sourceTree</key>
			<string>DEVELOPER_DIR</string>
		</dict>
		<key>B0EDB52218EE1F5200A4E438</key>
		<dict>
			<key>fileRef</key>
			<string>B0EDB52118EE1F5200A4E438</string>
			<key>isa</key>
			<string>PBXBuildFile</string>
		</dict>
		<key>B0EDB52318EE1F5200A4E438</key>
		<dict>
			<key>fileRef</key>
			<string>B0EDB50218EE1F5200A4E438</string>
			<key>isa</key>
			<string>PBXBuildFile</string>
		</dict>
		<key>B0EDB52418EE1F5200A4E438</key>
		<dict>
			<key>fileRef</key>
			<string>B0EDB50618EE1F5200A4E438</string>
			<key>isa</key>
			<string>PBXBuildFile</string>
		</dict>
		<key>B0EDB52518EE1F5200A4E438</key>
		<dict>
			<key>containerPortal</key>
			<string>B0EDB4F718EE1F5200A4E438</string>
			<key>isa</key>
			<string>PBXContainerItemProxy</string>
			<key>proxyType</key>
			<string>1</string>
			<key>remoteGlobalIDString</key>
			<string>B0EDB4FE18EE1F5200A4E438</string>
			<key>remoteInfo</key>
			<string>HBP Monitor</string>
		</dict>
		<key>B0EDB52618EE1F5200A4E438</key>
		<dict>
			<key>isa</key>
			<string>PBXTargetDependency</string>
			<key>target</key>
			<string>B0EDB4FE18EE1F5200A4E438</string>
			<key>targetProxy</key>
			<string>B0EDB52518EE1F5200A4E438</string>
		</dict>
		<key>B0EDB52718EE1F5200A4E438</key>
		<dict>
			<key>children</key>
			<array>
				<string>B0EDB52D18EE1F5200A4E438</string>
				<string>B0EDB52818EE1F5200A4E438</string>
			</array>
			<key>isa</key>
			<string>PBXGroup</string>
			<key>path</key>
			<string>HBP MonitorTests</string>
			<key>sourceTree</key>
			<string>&lt;group&gt;</string>
		</dict>
		<key>B0EDB52818EE1F5200A4E438</key>
		<dict>
			<key>children</key>
			<array>
				<string>B0EDB52918EE1F5200A4E438</string>
				<string>B0EDB52A18EE1F5200A4E438</string>
			</array>
			<key>isa</key>
			<string>PBXGroup</string>
			<key>name</key>
			<string>Supporting Files</string>
			<key>sourceTree</key>
			<string>&lt;group&gt;</string>
		</dict>
		<key>B0EDB52918EE1F5200A4E438</key>
		<dict>
			<key>isa</key>
			<string>PBXFileReference</string>
			<key>lastKnownFileType</key>
			<string>text.plist.xml</string>
			<key>path</key>
			<string>HBP MonitorTests-Info.plist</string>
			<key>sourceTree</key>
			<string>&lt;group&gt;</string>
		</dict>
		<key>B0EDB52A18EE1F5200A4E438</key>
		<dict>
			<key>children</key>
			<array>
				<string>B0EDB52B18EE1F5200A4E438</string>
			</array>
			<key>isa</key>
			<string>PBXVariantGroup</string>
			<key>name</key>
			<string>InfoPlist.strings</string>
			<key>sourceTree</key>
			<string>&lt;group&gt;</string>
		</dict>
		<key>B0EDB52B18EE1F5200A4E438</key>
		<dict>
			<key>isa</key>
			<string>PBXFileReference</string>
			<key>lastKnownFileType</key>
			<string>text.plist.strings</string>
			<key>name</key>
			<string>en</string>
			<key>path</key>
			<string>en.lproj/InfoPlist.strings</string>
			<key>sourceTree</key>
			<string>&lt;group&gt;</string>
		</dict>
		<key>B0EDB52C18EE1F5200A4E438</key>
		<dict>
			<key>fileRef</key>
			<string>B0EDB52A18EE1F5200A4E438</string>
			<key>isa</key>
			<string>PBXBuildFile</string>
		</dict>
		<key>B0EDB52D18EE1F5200A4E438</key>
		<dict>
			<key>isa</key>
			<string>PBXFileReference</string>
			<key>lastKnownFileType</key>
			<string>sourcecode.c.objc</string>
			<key>path</key>
			<string>HBP_MonitorTests.m</string>
			<key>sourceTree</key>
			<string>&lt;group&gt;</string>
		</dict>
		<key>B0EDB52E18EE1F5200A4E438</key>
		<dict>
			<key>fileRef</key>
			<string>B0EDB52D18EE1F5200A4E438</string>
			<key>isa</key>
			<string>PBXBuildFile</string>
		</dict>
		<key>B0EDB52F18EE1F5200A4E438</key>
		<dict>
			<key>buildSettings</key>
			<dict>
				<key>ALWAYS_SEARCH_USER_PATHS</key>
				<string>NO</string>
				<key>ARCHS</key>
				<string>$(ARCHS_STANDARD_INCLUDING_64_BIT)</string>
				<key>CLANG_CXX_LANGUAGE_STANDARD</key>
				<string>gnu++0x</string>
				<key>CLANG_CXX_LIBRARY</key>
				<string>libc++</string>
				<key>CLANG_ENABLE_MODULES</key>
				<string>YES</string>
				<key>CLANG_ENABLE_OBJC_ARC</key>
				<string>YES</string>
				<key>CLANG_WARN_BOOL_CONVERSION</key>
				<string>YES</string>
				<key>CLANG_WARN_CONSTANT_CONVERSION</key>
				<string>YES</string>
				<key>CLANG_WARN_DIRECT_OBJC_ISA_USAGE</key>
				<string>YES_ERROR</string>
				<key>CLANG_WARN_EMPTY_BODY</key>
				<string>YES</string>
				<key>CLANG_WARN_ENUM_CONVERSION</key>
				<string>YES</string>
				<key>CLANG_WARN_INT_CONVERSION</key>
				<string>YES</string>
				<key>CLANG_WARN_OBJC_ROOT_CLASS</key>
				<string>YES_ERROR</string>
				<key>CLANG_WARN__DUPLICATE_METHOD_MATCH</key>
				<string>YES</string>
				<key>CODE_SIGN_IDENTITY[sdk=iphoneos*]</key>
				<string>iPhone Developer</string>
				<key>COPY_PHASE_STRIP</key>
				<string>NO</string>
				<key>GCC_C_LANGUAGE_STANDARD</key>
				<string>gnu99</string>
				<key>GCC_DYNAMIC_NO_PIC</key>
				<string>NO</string>
				<key>GCC_OPTIMIZATION_LEVEL</key>
				<string>0</string>
				<key>GCC_PREPROCESSOR_DEFINITIONS</key>
				<array>
					<string>DEBUG=1</string>
					<string>$(inherited)</string>
				</array>
				<key>GCC_SYMBOLS_PRIVATE_EXTERN</key>
				<string>NO</string>
				<key>GCC_WARN_64_TO_32_BIT_CONVERSION</key>
				<string>YES</string>
				<key>GCC_WARN_ABOUT_RETURN_TYPE</key>
				<string>YES_ERROR</string>
				<key>GCC_WARN_UNDECLARED_SELECTOR</key>
				<string>YES</string>
				<key>GCC_WARN_UNINITIALIZED_AUTOS</key>
				<string>YES</string>
				<key>GCC_WARN_UNUSED_FUNCTION</key>
				<string>YES</string>
				<key>GCC_WARN_UNUSED_VARIABLE</key>
				<string>YES</string>
				<key>IPHONEOS_DEPLOYMENT_TARGET</key>
				<string>7.0</string>
				<key>ONLY_ACTIVE_ARCH</key>
				<string>YES</string>
				<key>SDKROOT</key>
				<string>iphoneos</string>
				<key>TARGETED_DEVICE_FAMILY</key>
				<string>2</string>
			</dict>
			<key>isa</key>
			<string>XCBuildConfiguration</string>
			<key>name</key>
			<string>Debug</string>
		</dict>
		<key>B0EDB53018EE1F5200A4E438</key>
		<dict>
			<key>buildSettings</key>
			<dict>
				<key>ALWAYS_SEARCH_USER_PATHS</key>
				<string>NO</string>
				<key>ARCHS</key>
				<string>$(ARCHS_STANDARD_INCLUDING_64_BIT)</string>
				<key>CLANG_CXX_LANGUAGE_STANDARD</key>
				<string>gnu++0x</string>
				<key>CLANG_CXX_LIBRARY</key>
				<string>libc++</string>
				<key>CLANG_ENABLE_MODULES</key>
				<string>YES</string>
				<key>CLANG_ENABLE_OBJC_ARC</key>
				<string>YES</string>
				<key>CLANG_WARN_BOOL_CONVERSION</key>
				<string>YES</string>
				<key>CLANG_WARN_CONSTANT_CONVERSION</key>
				<string>YES</string>
				<key>CLANG_WARN_DIRECT_OBJC_ISA_USAGE</key>
				<string>YES_ERROR</string>
				<key>CLANG_WARN_EMPTY_BODY</key>
				<string>YES</string>
				<key>CLANG_WARN_ENUM_CONVERSION</key>
				<string>YES</string>
				<key>CLANG_WARN_INT_CONVERSION</key>
				<string>YES</string>
				<key>CLANG_WARN_OBJC_ROOT_CLASS</key>
				<string>YES_ERROR</string>
				<key>CLANG_WARN__DUPLICATE_METHOD_MATCH</key>
				<string>YES</string>
				<key>CODE_SIGN_IDENTITY[sdk=iphoneos*]</key>
				<string>iPhone Developer</string>
				<key>COPY_PHASE_STRIP</key>
				<string>YES</string>
				<key>ENABLE_NS_ASSERTIONS</key>
				<string>NO</string>
				<key>GCC_C_LANGUAGE_STANDARD</key>
				<string>gnu99</string>
				<key>GCC_WARN_64_TO_32_BIT_CONVERSION</key>
				<string>YES</string>
				<key>GCC_WARN_ABOUT_RETURN_TYPE</key>
				<string>YES_ERROR</string>
				<key>GCC_WARN_UNDECLARED_SELECTOR</key>
				<string>YES</string>
				<key>GCC_WARN_UNINITIALIZED_AUTOS</key>
				<string>YES</string>
				<key>GCC_WARN_UNUSED_FUNCTION</key>
				<string>YES</string>
				<key>GCC_WARN_UNUSED_VARIABLE</key>
				<string>YES</string>
				<key>IPHONEOS_DEPLOYMENT_TARGET</key>
				<string>7.0</string>
				<key>SDKROOT</key>
				<string>iphoneos</string>
				<key>TARGETED_DEVICE_FAMILY</key>
				<string>2</string>
				<key>VALIDATE_PRODUCT</key>
				<string>YES</string>
			</dict>
			<key>isa</key>
			<string>XCBuildConfiguration</string>
			<key>name</key>
			<string>Release</string>
		</dict>
		<key>B0EDB53118EE1F5200A4E438</key>
		<dict>
			<key>buildConfigurations</key>
			<array>
				<string>B0EDB53218EE1F5200A4E438</string>
				<string>B0EDB53318EE1F5200A4E438</string>
			</array>
			<key>defaultConfigurationIsVisible</key>
			<string>0</string>
			<key>defaultConfigurationName</key>
			<string>Release</string>
			<key>isa</key>
			<string>XCConfigurationList</string>
		</dict>
		<key>B0EDB53218EE1F5200A4E438</key>
		<dict>
			<key>baseConfigurationReference</key>
			<string>A147203595F848349298D5C0</string>
			<key>buildSettings</key>
			<dict>
				<key>ASSETCATALOG_COMPILER_APPICON_NAME</key>
				<string>AppIcon</string>
				<key>ASSETCATALOG_COMPILER_LAUNCHIMAGE_NAME</key>
				<string>LaunchImage</string>
				<key>GCC_PRECOMPILE_PREFIX_HEADER</key>
				<string>YES</string>
				<key>GCC_PREFIX_HEADER</key>
				<string>HBP Monitor/HBP Monitor-Prefix.pch</string>
				<key>INFOPLIST_FILE</key>
				<string>HBP Monitor/HBP Monitor-Info.plist</string>
				<key>PRODUCT_NAME</key>
				<string>$(TARGET_NAME)</string>
				<key>WRAPPER_EXTENSION</key>
				<string>app</string>
			</dict>
			<key>isa</key>
			<string>XCBuildConfiguration</string>
			<key>name</key>
			<string>Debug</string>
		</dict>
		<key>B0EDB53318EE1F5200A4E438</key>
		<dict>
			<key>baseConfigurationReference</key>
			<string>A147203595F848349298D5C0</string>
			<key>buildSettings</key>
			<dict>
				<key>ASSETCATALOG_COMPILER_APPICON_NAME</key>
				<string>AppIcon</string>
				<key>ASSETCATALOG_COMPILER_LAUNCHIMAGE_NAME</key>
				<string>LaunchImage</string>
				<key>GCC_PRECOMPILE_PREFIX_HEADER</key>
				<string>YES</string>
				<key>GCC_PREFIX_HEADER</key>
				<string>HBP Monitor/HBP Monitor-Prefix.pch</string>
				<key>INFOPLIST_FILE</key>
				<string>HBP Monitor/HBP Monitor-Info.plist</string>
				<key>PRODUCT_NAME</key>
				<string>$(TARGET_NAME)</string>
				<key>WRAPPER_EXTENSION</key>
				<string>app</string>
			</dict>
			<key>isa</key>
			<string>XCBuildConfiguration</string>
			<key>name</key>
			<string>Release</string>
		</dict>
		<key>B0EDB53418EE1F5200A4E438</key>
		<dict>
			<key>buildConfigurations</key>
			<array>
				<string>B0EDB53518EE1F5200A4E438</string>
				<string>B0EDB53618EE1F5200A4E438</string>
			</array>
			<key>defaultConfigurationIsVisible</key>
			<string>0</string>
			<key>defaultConfigurationName</key>
			<string>Release</string>
			<key>isa</key>
			<string>XCConfigurationList</string>
		</dict>
		<key>B0EDB53518EE1F5200A4E438</key>
		<dict>
			<key>buildSettings</key>
			<dict>
				<key>ARCHS</key>
				<string>$(ARCHS_STANDARD_INCLUDING_64_BIT)</string>
				<key>BUNDLE_LOADER</key>
				<string>$(BUILT_PRODUCTS_DIR)/HBP Monitor.app/HBP Monitor</string>
				<key>FRAMEWORK_SEARCH_PATHS</key>
				<array>
					<string>$(SDKROOT)/Developer/Library/Frameworks</string>
					<string>$(inherited)</string>
					<string>$(DEVELOPER_FRAMEWORKS_DIR)</string>
				</array>
				<key>GCC_PRECOMPILE_PREFIX_HEADER</key>
				<string>YES</string>
				<key>GCC_PREFIX_HEADER</key>
				<string>HBP Monitor/HBP Monitor-Prefix.pch</string>
				<key>GCC_PREPROCESSOR_DEFINITIONS</key>
				<array>
					<string>DEBUG=1</string>
					<string>$(inherited)</string>
				</array>
				<key>INFOPLIST_FILE</key>
				<string>HBP MonitorTests/HBP MonitorTests-Info.plist</string>
				<key>PRODUCT_NAME</key>
				<string>$(TARGET_NAME)</string>
				<key>TEST_HOST</key>
				<string>$(BUNDLE_LOADER)</string>
				<key>WRAPPER_EXTENSION</key>
				<string>xctest</string>
			</dict>
			<key>isa</key>
			<string>XCBuildConfiguration</string>
			<key>name</key>
			<string>Debug</string>
		</dict>
		<key>B0EDB53618EE1F5200A4E438</key>
		<dict>
			<key>buildSettings</key>
			<dict>
				<key>ARCHS</key>
				<string>$(ARCHS_STANDARD_INCLUDING_64_BIT)</string>
				<key>BUNDLE_LOADER</key>
				<string>$(BUILT_PRODUCTS_DIR)/HBP Monitor.app/HBP Monitor</string>
				<key>FRAMEWORK_SEARCH_PATHS</key>
				<array>
					<string>$(SDKROOT)/Developer/Library/Frameworks</string>
					<string>$(inherited)</string>
					<string>$(DEVELOPER_FRAMEWORKS_DIR)</string>
				</array>
				<key>GCC_PRECOMPILE_PREFIX_HEADER</key>
				<string>YES</string>
				<key>GCC_PREFIX_HEADER</key>
				<string>HBP Monitor/HBP Monitor-Prefix.pch</string>
				<key>INFOPLIST_FILE</key>
				<string>HBP MonitorTests/HBP MonitorTests-Info.plist</string>
				<key>PRODUCT_NAME</key>
				<string>$(TARGET_NAME)</string>
				<key>TEST_HOST</key>
				<string>$(BUNDLE_LOADER)</string>
				<key>WRAPPER_EXTENSION</key>
				<string>xctest</string>
			</dict>
			<key>isa</key>
			<string>XCBuildConfiguration</string>
			<key>name</key>
			<string>Release</string>
		</dict>
		<key>E5D61BB5FE994A2D8C0E1AD6</key>
		<dict>
			<key>buildActionMask</key>
			<string>2147483647</string>
			<key>files</key>
			<array/>
			<key>inputPaths</key>
			<array/>
			<key>isa</key>
			<string>PBXShellScriptBuildPhase</string>
			<key>name</key>
			<string>Check Pods Manifest.lock</string>
			<key>outputPaths</key>
			<array/>
			<key>runOnlyForDeploymentPostprocessing</key>
			<string>0</string>
			<key>shellPath</key>
			<string>/bin/sh</string>
			<key>shellScript</key>
			<string>diff "${PODS_ROOT}/../Podfile.lock" "${PODS_ROOT}/Manifest.lock" &gt; /dev/null
if [[ $? != 0 ]] ; then
    cat &lt;&lt; EOM
error: The sandbox is not in sync with the Podfile.lock. Run 'pod install' or update your CocoaPods installation.
EOM
    exit 1
fi
</string>
			<key>showEnvVarsInLog</key>
			<string>0</string>
		</dict>
		<key>FFA07F670DEB459F8787A627</key>
		<dict>
			<key>fileRef</key>
			<string>89646B1AB36447349DAA30F4</string>
			<key>isa</key>
			<string>PBXBuildFile</string>
		</dict>
	</dict>
	<key>rootObject</key>
	<string>B0EDB4F718EE1F5200A4E438</string>
</dict>
</plist>
